<?xml version="1.0" encoding="UTF-8" standalone="yes" ?>
<CodeBlocks_project_file>
	<FileVersion major="1" minor="6" />
	<Project>
		<Option title="ReflaxMan" />
		<Option pch_mode="2" />
		<Option compiler="gcc" />
		<Build>
			<Target title="Debug">
				<Option output="../build/ReflaxMan_debug" prefix_auto="1" extension_auto="1" />
				<Option working_dir="../build/" />
				<Option object_output="Debug" />
				<Option type="0" />
				<Option compiler="gcc" />
				<Compiler>
					<Add option="-std=c++0x" />
					<Add option="-g" />
				</Compiler>
				<Linker>
					<Add option="-lX11" />
				</Linker>
			</Target>
			<Target title="Release">
				<Option output="../build/ReflaxMan" prefix_auto="1" extension_auto="1" />
				<Option working_dir="../build/" />
				<Option object_output="Release" />
				<Option type="0" />
				<Option compiler="gcc" />
				<Compiler>
					<Add option="-fexpensive-optimizations" />
					<Add option="-O3" />
					<Add option="-std=c++0x" />
					<Add option="-DNDEBUG" />
				</Compiler>
				<Linker>
					<Add option="-s" />
					<Add option="-lX11" />
				</Linker>
			</Target>
		</Build>
		<Compiler>
			<Add option="-Wall" />
		</Compiler>
		<Unit filename="../src/common/BasePlatformInterface.cpp" />
		<Unit filename="../src/common/BasePlatformInterface.h" />
		<Unit filename="../src/common/Camera.cpp" />
		<Unit filename="../src/common/Camera.h" />
		<Unit filename="../src/common/Color.cpp" />
		<Unit filename="../src/common/Color.h" />
		<Unit filename="../src/common/Material.cpp" />
		<Unit filename="../src/common/Material.h" />
		<Unit filename="../src/common/Matrix33.cpp" />
		<Unit filename="../src/common/Matrix33.h" />
		<Unit filename="../src/common/OmniLight.cpp" />
		<Unit filename="../src/common/OmniLight.h" />
		<Unit filename="../src/common/Plane.cpp" />
		<Unit filename="../src/common/Plane.h" />
		<Unit filename="../src/common/Pulse.cpp" />
		<Unit filename="../src/common/Pulse.h" />
		<Unit filename="../src/common/Render.cpp" />
		<Unit filename="../src/common/Render.h" />
		<Unit filename="../src/common/Scene.cpp" />
		<Unit filename="../src/common/Scene.h" />
		<Unit filename="../src/common/SceneObject.cpp" />
		<Unit filename="../src/common/SceneObject.h" />
		<Unit filename="../src/common/Skybox.cpp" />
		<Unit filename="../src/common/Skybox.h" />
		<Unit filename="../src/common/Sphere.cpp" />
		<Unit filename="../src/common/Sphere.h" />
		<Unit filename="../src/common/Texture.cpp" />
		<Unit filename="../src/common/Texture.h" />
		<Unit filename="../src/common/Triangle.cpp" />
		<Unit filename="../src/common/Triangle.h" />
		<Unit filename="../src/common/Vector3.cpp" />
		<Unit filename="../src/common/Vector3.h" />
		<Unit filename="../src/common/defaults.h" />
		<Unit filename="../src/common/image_headers.h" />
		<Unit filename="../src/common/trace_math.cpp" />
		<Unit filename="../src/common/trace_math.h" />
		<Unit filename="../src/linux/LinuxPlatformInterface.cpp" />
		<Unit filename="../src/linux/LinuxPlatformInterface.h" />
		<Unit filename="../src/linux/main.cpp" />
		<Extensions>
			<code_completion />
			<debugger />
		</Extensions>
	</Project>
</CodeBlocks_project_file>
