<?xml version="1.0" encoding="utf-8"?>
<Project ToolsVersion="4.0" xmlns="http://schemas.microsoft.com/developer/msbuild/2003">
  <ItemGroup>
    <Filter Include="Source Files">
      <UniqueIdentifier>{4FC737F1-C7A5-4376-A066-2A32D752A2FF}</UniqueIdentifier>
      <Extensions>cpp;c;cc;cxx;def;odl;idl;hpj;bat;asm;asmx</Extensions>
    </Filter>
    <Filter Include="Header Files">
      <UniqueIdentifier>{93995380-89BD-4b04-88EB-625FBE52EBFB}</UniqueIdentifier>
      <Extensions>h;hh;hpp;hxx;hm;inl;inc;xsd</Extensions>
    </Filter>
    <Filter Include="Resource Files">
      <UniqueIdentifier>{67DA6AB6-F800-4c08-8B7A-83BB121AAD01}</UniqueIdentifier>
      <Extensions>rc;ico;cur;bmp;dlg;rc2;rct;bin;rgs;gif;jpg;jpeg;jpe;resx;tiff;tif;png;wav;mfcribbon-ms</Extensions>
    </Filter>
    <Filter Include="Source Files\common">
      <UniqueIdentifier>{0fb659a2-b0b4-41d6-9b5b-f54ab2c14c86}</UniqueIdentifier>
    </Filter>
    <Filter Include="Header Files\common">
      <UniqueIdentifier>{5571120d-1354-40f7-a8ed-f6496d71d923}</UniqueIdentifier>
    </Filter>
  </ItemGroup>
  <ItemGroup>
    <ClInclude Include="..\src\common\Camera.h">
      <Filter>Header Files\common</Filter>
    </ClInclude>
    <ClInclude Include="..\src\common\Color.h">
      <Filter>Header Files\common</Filter>
    </ClInclude>
    <ClInclude Include="..\src\common\defaults.h">
      <Filter>Header Files\common</Filter>
    </ClInclude>
    <ClInclude Include="..\src\common\Material.h">
      <Filter>Header Files\common</Filter>
    </ClInclude>
    <ClInclude Include="..\src\common\Matrix33.h">
      <Filter>Header Files\common</Filter>
    </ClInclude>
    <ClInclude Include="..\src\common\Matrix44.h">
      <Filter>Header Files\common</Filter>
    </ClInclude>
    <ClInclude Include="..\src\common\OmniLight.h">
      <Filter>Header Files\common</Filter>
    </ClInclude>
    <ClInclude Include="..\src\common\Plane.h">
      <Filter>Header Files\common</Filter>
    </ClInclude>
    <ClInclude Include="..\src\common\Quaternion.h">
      <Filter>Header Files\common</Filter>
    </ClInclude>
    <ClInclude Include="..\src\common\Render.h">
      <Filter>Header Files\common</Filter>
    </ClInclude>
    <ClInclude Include="..\src\common\Scene.h">
      <Filter>Header Files\common</Filter>
    </ClInclude>
    <ClInclude Include="..\src\common\SceneObject.h">
      <Filter>Header Files\common</Filter>
    </ClInclude>
    <ClInclude Include="..\src\common\Skybox.h">
      <Filter>Header Files\common</Filter>
    </ClInclude>
    <ClInclude Include="..\src\common\Sphere.h">
      <Filter>Header Files\common</Filter>
    </ClInclude>
    <ClInclude Include="..\src\common\Texture.h">
      <Filter>Header Files\common</Filter>
    </ClInclude>
    <ClInclude Include="..\src\common\Triangle.h">
      <Filter>Header Files\common</Filter>
    </ClInclude>
    <ClInclude Include="..\src\common\Vector3.h">
      <Filter>Header Files\common</Filter>
    </ClInclude>
    <ClInclude Include="..\src\common\Vertex.h">
      <Filter>Header Files\common</Filter>
    </ClInclude>
    <ClInclude Include="..\src\windows\stdafx.h">
      <Filter>Header Files</Filter>
    </ClInclude>
    <ClInclude Include="..\src\common\image_headers.h">
      <Filter>Header Files\common</Filter>
    </ClInclude>
    <ClInclude Include="..\src\common\trace_math.h">
      <Filter>Header Files\common</Filter>
    </ClInclude>
    <ClInclude Include="..\src\common\Pulse.h">
      <Filter>Header Files\common</Filter>
    </ClInclude>
    <ClInclude Include="..\src\common\BasePlatformInterface.h">
      <Filter>Header Files\common</Filter>
    </ClInclude>
    <ClInclude Include="..\src\windows\WindowsPlatformInterface.h">
      <Filter>Header Files</Filter>
    </ClInclude>
  </ItemGroup>
  <ItemGroup>
    <ClCompile Include="..\src\common\Camera.cpp">
      <Filter>Source Files\common</Filter>
    </ClCompile>
    <ClCompile Include="..\src\common\Color.cpp">
      <Filter>Source Files\common</Filter>
    </ClCompile>
    <ClCompile Include="..\src\common\Material.cpp">
      <Filter>Source Files\common</Filter>
    </ClCompile>
    <ClCompile Include="..\src\common\Matrix33.cpp">
      <Filter>Source Files\common</Filter>
    </ClCompile>
    <ClCompile Include="..\src\common\Matrix44.cpp">
      <Filter>Source Files\common</Filter>
    </ClCompile>
    <ClCompile Include="..\src\common\OmniLight.cpp">
      <Filter>Source Files\common</Filter>
    </ClCompile>
    <ClCompile Include="..\src\common\Plane.cpp">
      <Filter>Source Files\common</Filter>
    </ClCompile>
    <ClCompile Include="..\src\common\Quaternion.cpp">
      <Filter>Source Files\common</Filter>
    </ClCompile>
    <ClCompile Include="..\src\common\Render.cpp">
      <Filter>Source Files\common</Filter>
    </ClCompile>
    <ClCompile Include="..\src\common\Scene.cpp">
      <Filter>Source Files\common</Filter>
    </ClCompile>
    <ClCompile Include="..\src\common\SceneObject.cpp">
      <Filter>Source Files\common</Filter>
    </ClCompile>
    <ClCompile Include="..\src\common\Skybox.cpp">
      <Filter>Source Files\common</Filter>
    </ClCompile>
    <ClCompile Include="..\src\common\Sphere.cpp">
      <Filter>Source Files\common</Filter>
    </ClCompile>
    <ClCompile Include="..\src\common\Texture.cpp">
      <Filter>Source Files\common</Filter>
    </ClCompile>
    <ClCompile Include="..\src\common\Triangle.cpp">
      <Filter>Source Files\common</Filter>
    </ClCompile>
    <ClCompile Include="..\src\common\Vector3.cpp">
      <Filter>Source Files\common</Filter>
    </ClCompile>
    <ClCompile Include="..\src\common\Vertex.cpp">
      <Filter>Source Files\common</Filter>
    </ClCompile>
    <ClCompile Include="..\src\windows\stdafx.cpp">
      <Filter>Source Files</Filter>
    </ClCompile>
    <ClCompile Include="..\src\windows\Main.cpp">
      <Filter>Source Files</Filter>
    </ClCompile>
    <ClCompile Include="..\src\common\trace_math.cpp">
      <Filter>Source Files\common</Filter>
    </ClCompile>
    <ClCompile Include="..\src\common\Pulse.cpp">
      <Filter>Source Files\common</Filter>
    </ClCompile>
    <ClCompile Include="..\src\common\BasePlatformInterface.cpp">
      <Filter>Source Files\common</Filter>
    </ClCompile>
    <ClCompile Include="..\src\windows\WindowsPlatformInterface.cpp">
      <Filter>Source Files</Filter>
    </ClCompile>
  </ItemGroup>
  <ItemGroup>
    <None Include="ClassDiagram.cd" />
  </ItemGroup>
</Project>